{
  "name": "local-m3u-addon",
  "version": "0.1.0",
  "lockfileVersion": 3,
  "requires": true,
  "packages": {
    "": {
      "name": "local-m3u-addon",
      "version": "0.1.0",
      "bin": {
        "audit-playlist": "bin/audit-playlist.js",
        "import-manifest": "bin/import-manifest.js"
      },
      "engines": {
        "node": ">=18"
      }
    }
  }
}
